// !$*UTF8*$!
{
	archiveVersion = 1;
	classes = {
	};
	objectVersion = 46;
	objects = {

/* Begin PBXBuildFile section */
		00284A8318767D7600AA441A /* Foundation.framework in Frameworks */ = {isa = PBXBuildFile; fileRef = 00284A8218767D7600AA441A /* Foundation.framework */; };
		00284A8518767D7600AA441A /* CoreGraphics.framework in Frameworks */ = {isa = PBXBuildFile; fileRef = 00284A8418767D7600AA441A /* CoreGraphics.framework */; };
		00284A8718767D7600AA441A /* UIKit.framework in Frameworks */ = {isa = PBXBuildFile; fileRef = 00284A8618767D7600AA441A /* UIKit.framework */; };
		00284A8D18767D7600AA441A /* InfoPlist.strings in Resources */ = {isa = PBXBuildFile; fileRef = 00284A8B18767D7600AA441A /* InfoPlist.strings */; };
		00284A8F18767D7600AA441A /* main.m in Sources */ = {isa = PBXBuildFile; fileRef = 00284A8E18767D7600AA441A /* main.m */; };
		00284A9318767D7600AA441A /* AppDelegate.m in Sources */ = {isa = PBXBuildFile; fileRef = 00284A9218767D7600AA441A /* AppDelegate.m */; };
		00284A9618767D7600AA441A /* Main.storyboard in Resources */ = {isa = PBXBuildFile; fileRef = 00284A9418767D7600AA441A /* Main.storyboard */; };
		00284A9918767D7600AA441A /* ViewController.m in Sources */ = {isa = PBXBuildFile; fileRef = 00284A9818767D7600AA441A /* ViewController.m */; };
		00284A9B18767D7600AA441A /* Images.xcassets in Resources */ = {isa = PBXBuildFile; fileRef = 00284A9A18767D7600AA441A /* Images.xcassets */; };
		00284AA218767D7600AA441A /* XCTest.framework in Frameworks */ = {isa = PBXBuildFile; fileRef = 00284AA118767D7600AA441A /* XCTest.framework */; };
		00284AA318767D7600AA441A /* Foundation.framework in Frameworks */ = {isa = PBXBuildFile; fileRef = 00284A8218767D7600AA441A /* Foundation.framework */; };
		00284AA418767D7600AA441A /* UIKit.framework in Frameworks */ = {isa = PBXBuildFile; fileRef = 00284A8618767D7600AA441A /* UIKit.framework */; };
		00284AAC18767D7600AA441A /* InfoPlist.strings in Resources */ = {isa = PBXBuildFile; fileRef = 00284AAA18767D7600AA441A /* InfoPlist.strings */; };
		00284AAE18767D7600AA441A /* ToolBarTestTests.m in Sources */ = {isa = PBXBuildFile; fileRef = 00284AAD18767D7600AA441A /* ToolBarTestTests.m */; };
/* End PBXBuildFile section */

/* Begin PBXContainerItemProxy section */
		00284AA518767D7600AA441A /* PBXContainerItemProxy */ = {
			isa = PBXContainerItemProxy;
			containerPortal = 00284A7718767D7600AA441A /* Project object */;
			proxyType = 1;
			remoteGlobalIDString = 00284A7E18767D7600AA441A;
			remoteInfo = ToolBarTest;
		};
/* End PBXContainerItemProxy section */

/* Begin PBXFileReference section */
		00284A7F18767D7600AA441A /* ToolBarTest.app */ = {isa = PBXFileReference; explicitFileType = wrapper.application; includeInIndex = 0; path = ToolBarTest.app; sourceTree = BUILT_PRODUCTS_DIR; };
		00284A8218767D7600AA441A /* Foundation.framework */ = {isa = PBXFileReference; lastKnownFileType = wrapper.framework; name = Foundation.framework; path = System/Library/Frameworks/Foundation.framework; sourceTree = SDKROOT; };
		00284A8418767D7600AA441A /* CoreGraphics.framework */ = {isa = PBXFileReference; lastKnownFileType = wrapper.framework; name = CoreGraphics.framework; path = System/Library/Frameworks/CoreGraphics.framework; sourceTree = SDKROOT; };
		00284A8618767D7600AA441A /* UIKit.framework */ = {isa = PBXFileReference; lastKnownFileType = wrapper.framework; name = UIKit.framework; path = System/Library/Frameworks/UIKit.framework; sourceTree = SDKROOT; };
		00284A8A18767D7600AA441A /* ToolBarTest-Info.plist */ = {isa = PBXFileReference; lastKnownFileType = text.plist.xml; path = "ToolBarTest-Info.plist"; sourceTree = "<group>"; };
		00284A8C18767D7600AA441A /* en */ = {isa = PBXFileReference; lastKnownFileType = text.plist.strings; name = en; path = en.lproj/InfoPlist.strings; sourceTree = "<group>"; };
		00284A8E18767D7600AA441A /* main.m */ = {isa = PBXFileReference; lastKnownFileType = sourcecode.c.objc; path = main.m; sourceTree = "<group>"; };
		00284A9018767D7600AA441A /* ToolBarTest-Prefix.pch */ = {isa = PBXFileReference; lastKnownFileType = sourcecode.c.h; path = "ToolBarTest-Prefix.pch"; sourceTree = "<group>"; };
		00284A9118767D7600AA441A /* AppDelegate.h */ = {isa = PBXFileReference; lastKnownFileType = sourcecode.c.h; path = AppDelegate.h; sourceTree = "<group>"; };
		00284A9218767D7600AA441A /* AppDelegate.m */ = {isa = PBXFileReference; lastKnownFileType = sourcecode.c.objc; path = AppDelegate.m; sourceTree = "<group>"; };
		00284A9518767D7600AA441A /* Base */ = {isa = PBXFileReference; lastKnownFileType = file.storyboard; name = Base; path = Base.lproj/Main.storyboard; sourceTree = "<group>"; };
		00284A9718767D7600AA441A /* ViewController.h */ = {isa = PBXFileReference; lastKnownFileType = sourcecode.c.h; path = ViewController.h; sourceTree = "<group>"; };
		00284A9818767D7600AA441A /* ViewController.m */ = {isa = PBXFileReference; lastKnownFileType = sourcecode.c.objc; path = ViewController.m; sourceTree = "<group>"; };
		00284A9A18767D7600AA441A /* Images.xcassets */ = {isa = PBXFileReference; lastKnownFileType = folder.assetcatalog; path = Images.xcassets; sourceTree = "<group>"; };
		00284AA018767D7600AA441A /* ToolBarTestTests.xctest */ = {isa = PBXFileReference; explicitFileType = wrapper.cfbundle; includeInIndex = 0; path = ToolBarTestTests.xctest; sourceTree = BUILT_PRODUCTS_DIR; };
		00284AA118767D7600AA441A /* XCTest.framework */ = {isa = PBXFileReference; lastKnownFileType = wrapper.framework; name = XCTest.framework; path = Library/Frameworks/XCTest.framework; sourceTree = DEVELOPER_DIR; };
		00284AA918767D7600AA441A /* ToolBarTestTests-Info.plist */ = {isa = PBXFileReference; lastKnownFileType = text.plist.xml; path = "ToolBarTestTests-Info.plist"; sourceTree = "<group>"; };
		00284AAB18767D7600AA441A /* en */ = {isa = PBXFileReference; lastKnownFileType = text.plist.strings; name = en; path = en.lproj/InfoPlist.strings; sourceTree = "<group>"; };
		00284AAD18767D7600AA441A /* ToolBarTestTests.m */ = {isa = PBXFileReference; lastKnownFileType = sourcecode.c.objc; path = ToolBarTestTests.m; sourceTree = "<group>"; };
/* End PBXFileReference section */

/* Begin PBXFrameworksBuildPhase section */
		00284A7C18767D7600AA441A /* Frameworks */ = {
			isa = PBXFrameworksBuildPhase;
			buildActionMask = 2147483647;
			files = (
				00284A8518767D7600AA441A /* CoreGraphics.framework in Frameworks */,
				00284A8718767D7600AA441A /* UIKit.framework in Frameworks */,
				00284A8318767D7600AA441A /* Foundation.framework in Frameworks */,
			);
			runOnlyForDeploymentPostprocessing = 0;
		};
		00284A9D18767D7600AA441A /* Frameworks */ = {
			isa = PBXFrameworksBuildPhase;
			buildActionMask = 2147483647;
			files = (
				00284AA218767D7600AA441A /* XCTest.framework in Frameworks */,
				00284AA418767D7600AA441A /* UIKit.framework in Frameworks */,
				00284AA318767D7600AA441A /* Foundation.framework in Frameworks */,
			);
			runOnlyForDeploymentPostprocessing = 0;
		};
/* End PBXFrameworksBuildPhase section */

/* Begin PBXGroup section */
		00284A7618767D7600AA441A = {
			isa = PBXGroup;
			children = (
				00284A8818767D7600AA441A /* ToolBarTest */,
				00284AA718767D7600AA441A /* ToolBarTestTests */,
				00284A8118767D7600AA441A /* Frameworks */,
				00284A8018767D7600AA441A /* Products */,
			);
			sourceTree = "<group>";
		};
		00284A8018767D7600AA441A /* Products */ = {
			isa = PBXGroup;
			children = (
				00284A7F18767D7600AA441A /* ToolBarTest.app */,
				00284AA018767D7600AA441A /* ToolBarTestTests.xctest */,
			);
			name = Products;
			sourceTree = "<group>";
		};
		00284A8118767D7600AA441A /* Frameworks */ = {
			isa = PBXGroup;
			children = (
				00284A8218767D7600AA441A /* Foundation.framework */,
				00284A8418767D7600AA441A /* CoreGraphics.framework */,
				00284A8618767D7600AA441A /* UIKit.framework */,
				00284AA118767D7600AA441A /* XCTest.framework */,
			);
			name = Frameworks;
			sourceTree = "<group>";
		};
		00284A8818767D7600AA441A /* ToolBarTest */ = {
			isa = PBXGroup;
			children = (
				00284A9118767D7600AA441A /* AppDelegate.h */,
				00284A9218767D7600AA441A /* AppDelegate.m */,
				00284A9418767D7600AA441A /* Main.storyboard */,
				00284A9718767D7600AA441A /* ViewController.h */,
				00284A9818767D7600AA441A /* ViewController.m */,
				00284A9A18767D7600AA441A /* Images.xcassets */,
				00284A8918767D7600AA441A /* Supporting Files */,
			);
			path = ToolBarTest;
			sourceTree = "<group>";
		};
		00284A8918767D7600AA441A /* Supporting Files */ = {
			isa = PBXGroup;
			children = (
				00284A8A18767D7600AA441A /* ToolBarTest-Info.plist */,
				00284A8B18767D7600AA441A /* InfoPlist.strings */,
				00284A8E18767D7600AA441A /* main.m */,
				00284A9018767D7600AA441A /* ToolBarTest-Prefix.pch */,
			);
			name = "Supporting Files";
			sourceTree = "<group>";
		};
		00284AA718767D7600AA441A /* ToolBarTestTests */ = {
			isa = PBXGroup;
			children = (
				00284AAD18767D7600AA441A /* ToolBarTestTests.m */,
				00284AA818767D7600AA441A /* Supporting Files */,
			);
			path = ToolBarTestTests;
			sourceTree = "<group>";
		};
		00284AA818767D7600AA441A /* Supporting Files */ = {
			isa = PBXGroup;
			children = (
				00284AA918767D7600AA441A /* ToolBarTestTests-Info.plist */,
				00284AAA18767D7600AA441A /* InfoPlist.strings */,
			);
			name = "Supporting Files";
			sourceTree = "<group>";
		};
/* End PBXGroup section */

/* Begin PBXNativeTarget section */
		00284A7E18767D7600AA441A /* ToolBarTest */ = {
			isa = PBXNativeTarget;
			buildConfigurationList = 00284AB118767D7600AA441A /* Build configuration list for PBXNativeTarget "ToolBarTest" */;
			buildPhases = (
				00284A7B18767D7600AA441A /* Sources */,
				00284A7C18767D7600AA441A /* Frameworks */,
				00284A7D18767D7600AA441A /* Resources */,
			);
			buildRules = (
			);
			dependencies = (
			);
			name = ToolBarTest;
			productName = ToolBarTest;
			productReference = 00284A7F18767D7600AA441A /* ToolBarTest.app */;
			productType = "com.apple.product-type.application";
		};
		00284A9F18767D7600AA441A /* ToolBarTestTests */ = {
			isa = PBXNativeTarget;
			buildConfigurationList = 00284AB418767D7600AA441A /* Build configuration list for PBXNativeTarget "ToolBarTestTests" */;
			buildPhases = (
				00284A9C18767D7600AA441A /* Sources */,
				00284A9D18767D7600AA441A /* Frameworks */,
				00284A9E18767D7600AA441A /* Resources */,
			);
			buildRules = (
			);
			dependencies = (
				00284AA618767D7600AA441A /* PBXTargetDependency */,
			);
			name = ToolBarTestTests;
			productName = ToolBarTestTests;
			productReference = 00284AA018767D7600AA441A /* ToolBarTestTests.xctest */;
			productType = "com.apple.product-type.bundle.unit-test";
		};
/* End PBXNativeTarget section */

/* Begin PBXProject section */
		00284A7718767D7600AA441A /* Project object */ = {
			isa = PBXProject;
			attributes = {
				LastUpgradeCheck = 0500;
				ORGANIZATIONNAME = "SDT-1";
				TargetAttributes = {
					00284A9F18767D7600AA441A = {
						TestTargetID = 00284A7E18767D7600AA441A;
					};
				};
			};
			buildConfigurationList = 00284A7A18767D7600AA441A /* Build configuration list for PBXProject "ToolBarTest" */;
			compatibilityVersion = "Xcode 3.2";
			developmentRegion = English;
			hasScannedForEncodings = 0;
			knownRegions = (
				en,
				Base,
			);
			mainGroup = 00284A7618767D7600AA441A;
			productRefGroup = 00284A8018767D7600AA441A /* Products */;
			projectDirPath = "";
			projectRoot = "";
			targets = (
				00284A7E18767D7600AA441A /* ToolBarTest */,
				00284A9F18767D7600AA441A /* ToolBarTestTests */,
			);
		};
/* End PBXProject section */

/* Begin PBXResourcesBuildPhase section */
		00284A7D18767D7600AA441A /* Resources */ = {
			isa = PBXResourcesBuildPhase;
			buildActionMask = 2147483647;
			files = (
				00284A9B18767D7600AA441A /* Images.xcassets in Resources */,
				00284A8D18767D7600AA441A /* InfoPlist.strings in Resources */,
				00284A9618767D7600AA441A /* Main.storyboard in Resources */,
			);
			runOnlyForDeploymentPostprocessing = 0;
		};
		00284A9E18767D7600AA441A /* Resources */ = {
			isa = PBXResourcesBuildPhase;
			buildActionMask = 2147483647;
			files = (
				00284AAC18767D7600AA441A /* InfoPlist.strings in Resources */,
			);
			runOnlyForDeploymentPostprocessing = 0;
		};
/* End PBXResourcesBuildPhase section */

/* Begin PBXSourcesBuildPhase section */
		00284A7B18767D7600AA441A /* Sources */ = {
			isa = PBXSourcesBuildPhase;
			buildActionMask = 2147483647;
			files = (
				00284A9918767D7600AA441A /* ViewController.m in Sources */,
				00284A9318767D7600AA441A /* AppDelegate.m in Sources */,
				00284A8F18767D7600AA441A /* main.m in Sources */,
			);
			runOnlyForDeploymentPostprocessing = 0;
		};
		00284A9C18767D7600AA441A /* Sources */ = {
			isa = PBXSourcesBuildPhase;
			buildActionMask = 2147483647;
			files = (
				00284AAE18767D7600AA441A /* ToolBarTestTests.m in Sources */,
			);
			runOnlyForDeploymentPostprocessing = 0;
		};
/* End PBXSourcesBuildPhase section */

/* Begin PBXTargetDependency section */
		00284AA618767D7600AA441A /* PBXTargetDependency */ = {
			isa = PBXTargetDependency;
			target = 00284A7E18767D7600AA441A /* ToolBarTest */;
			targetProxy = 00284AA518767D7600AA441A /* PBXContainerItemProxy */;
		};
/* End PBXTargetDependency section */

/* Begin PBXVariantGroup section */
		00284A8B18767D7600AA441A /* InfoPlist.strings */ = {
			isa = PBXVariantGroup;
			children = (
				00284A8C18767D7600AA441A /* en */,
			);
			name = InfoPlist.strings;
			sourceTree = "<group>";
		};
		00284A9418767D7600AA441A /* Main.storyboard */ = {
			isa = PBXVariantGroup;
			children = (
				00284A9518767D7600AA441A /* Base */,
			);
			name = Main.storyboard;
			sourceTree = "<group>";
		};
		00284AAA18767D7600AA441A /* InfoPlist.strings */ = {
			isa = PBXVariantGroup;
			children = (
				00284AAB18767D7600AA441A /* en */,
			);
			name = InfoPlist.strings;
			sourceTree = "<group>";
		};
/* End PBXVariantGroup section */

/* Begin XCBuildConfiguration section */
		00284AAF18767D7600AA441A /* Debug */ = {
			isa = XCBuildConfiguration;
			buildSettings = {
				ALWAYS_SEARCH_USER_PATHS = NO;
				ARCHS = "$(ARCHS_STANDARD_INCLUDING_64_BIT)";
				CLANG_CXX_LANGUAGE_STANDARD = "gnu++0x";
				CLANG_CXX_LIBRARY = "libc++";
				CLANG_ENABLE_MODULES = YES;
				CLANG_ENABLE_OBJC_ARC = YES;
				CLANG_WARN_BOOL_CONVERSION = YES;
				CLANG_WARN_CONSTANT_CONVERSION = YES;
				CLANG_WARN_DIRECT_OBJC_ISA_USAGE = YES_ERROR;
				CLANG_WARN_EMPTY_BODY = YES;
				CLANG_WARN_ENUM_CONVERSION = YES;
				CLANG_WARN_INT_CONVERSION = YES;
				CLANG_WARN_OBJC_ROOT_CLASS = YES_ERROR;
				CLANG_WARN__DUPLICATE_METHOD_MATCH = YES;
				"CODE_SIGN_IDENTITY[sdk=iphoneos*]" = "iPhone Developer";
				COPY_PHASE_STRIP = NO;
				GCC_C_LANGUAGE_STANDARD = gnu99;
				GCC_DYNAMIC_NO_PIC = NO;
				GCC_OPTIMIZATION_LEVEL = 0;
				GCC_PREPROCESSOR_DEFINITIONS = (
					"DEBUG=1",
					"$(inherited)",
				);
				GCC_SYMBOLS_PRIVATE_EXTERN = NO;
				GCC_WARN_64_TO_32_BIT_CONVERSION = YES;
				GCC_WARN_ABOUT_RETURN_TYPE = YES_ERROR;
				GCC_WARN_UNDECLARED_SELECTOR = YES;
				GCC_WARN_UNINITIALIZED_AUTOS = YES;
				GCC_WARN_UNUSED_FUNCTION = YES;
				GCC_WARN_UNUSED_VARIABLE = YES;
				IPHONEOS_DEPLOYMENT_TARGET = 7.0;
				ONLY_ACTIVE_ARCH = YES;
				SDKROOT = iphoneos;
			};
			name = Debug;
		};
		00284AB018767D7600AA441A /* Release */ = {
			isa = XCBuildConfiguration;
			buildSettings = {
				ALWAYS_SEARCH_USER_PATHS = NO;
				ARCHS = "$(ARCHS_STANDARD_INCLUDING_64_BIT)";
				CLANG_CXX_LANGUAGE_STANDARD = "gnu++0x";
				CLANG_CXX_LIBRARY = "libc++";
				CLANG_ENABLE_MODULES = YES;
				CLANG_ENABLE_OBJC_ARC = YES;
				CLANG_WARN_BOOL_CONVERSION = YES;
				CLANG_WARN_CONSTANT_CONVERSION = YES;
				CLANG_WARN_DIRECT_OBJC_ISA_USAGE = YES_ERROR;
				CLANG_WARN_EMPTY_BODY = YES;
				CLANG_WARN_ENUM_CONVERSION = YES;
				CLANG_WARN_INT_CONVERSION = YES;
				CLANG_WARN_OBJC_ROOT_CLASS = YES_ERROR;
				CLANG_WARN__DUPLICATE_METHOD_MATCH = YES;
				"CODE_SIGN_IDENTITY[sdk=iphoneos*]" = "iPhone Developer";
				COPY_PHASE_STRIP = YES;
				ENABLE_NS_ASSERTIONS = NO;
				GCC_C_LANGUAGE_STANDARD = gnu99;
				GCC_WARN_64_TO_32_BIT_CONVERSION = YES;
				GCC_WARN_ABOUT_RETURN_TYPE = YES_ERROR;
				GCC_WARN_UNDECLARED_SELECTOR = YES;
				GCC_WARN_UNINITIALIZED_AUTOS = YES;
				GCC_WARN_UNUSED_FUNCTION = YES;
				GCC_WARN_UNUSED_VARIABLE = YES;
				IPHONEOS_DEPLOYMENT_TARGET = 7.0;
				SDKROOT = iphoneos;
				VALIDATE_PRODUCT = YES;
			};
			name = Release;
		};
		00284AB218767D7600AA441A /* Debug */ = {
			isa = XCBuildConfiguration;
			buildSettings = {
				ASSETCATALOG_COMPILER_APPICON_NAME = AppIcon;
				ASSETCATALOG_COMPILER_LAUNCHIMAGE_NAME = LaunchImage;
				GCC_PRECOMPILE_PREFIX_HEADER = YES;
				GCC_PREFIX_HEADER = "ToolBarTest/ToolBarTest-Prefix.pch";
				INFOPLIST_FILE = "ToolBarTest/ToolBarTest-Info.plist";
				PRODUCT_NAME = "$(TARGET_NAME)";
				WRAPPER_EXTENSION = app;
			};
			name = Debug;
		};
		00284AB318767D7600AA441A /* Release */ = {
			isa = XCBuildConfiguration;
			buildSettings = {
				ASSETCATALOG_COMPILER_APPICON_NAME = AppIcon;
				ASSETCATALOG_COMPILER_LAUNCHIMAGE_NAME = LaunchImage;
				GCC_PRECOMPILE_PREFIX_HEADER = YES;
				GCC_PREFIX_HEADER = "ToolBarTest/ToolBarTest-Prefix.pch";
				INFOPLIST_FILE = "ToolBarTest/ToolBarTest-Info.plist";
				PRODUCT_NAME = "$(TARGET_NAME)";
				WRAPPER_EXTENSION = app;
			};
			name = Release;
		};
		00284AB518767D7600AA441A /* Debug */ = {
			isa = XCBuildConfiguration;
			buildSettings = {
				ARCHS = "$(ARCHS_STANDARD_INCLUDING_64_BIT)";
				BUNDLE_LOADER = "$(BUILT_PRODUCTS_DIR)/ToolBarTest.app/ToolBarTest";
				FRAMEWORK_SEARCH_PATHS = (
					"$(SDKROOT)/Developer/Library/Frameworks",
					"$(inherited)",
					"$(DEVELOPER_FRAMEWORKS_DIR)",
				);
				GCC_PRECOMPILE_PREFIX_HEADER = YES;
				GCC_PREFIX_HEADER = "ToolBarTest/ToolBarTest-Prefix.pch";
				GCC_PREPROCESSOR_DEFINITIONS = (
					"DEBUG=1",
					"$(inherited)",
				);
				INFOPLIST_FILE = "ToolBarTestTests/ToolBarTestTests-Info.plist";
				PRODUCT_NAME = "$(TARGET_NAME)";
				TEST_HOST = "$(BUNDLE_LOADER)";
				WRAPPER_EXTENSION = xctest;
			};
			name = Debug;
		};
		00284AB618767D7600AA441A /* Release */ = {
			isa = XCBuildConfiguration;
			buildSettings = {
				ARCHS = "$(ARCHS_STANDARD_INCLUDING_64_BIT)";
				BUNDLE_LOADER = "$(BUILT_PRODUCTS_DIR)/ToolBarTest.app/ToolBarTest";
				FRAMEWORK_SEARCH_PATHS = (
					"$(SDKROOT)/Developer/Library/Frameworks",
					"$(inherited)",
					"$(DEVELOPER_FRAMEWORKS_DIR)",
				);
				GCC_PRECOMPILE_PREFIX_HEADER = YES;
				GCC_PREFIX_HEADER = "ToolBarTest/ToolBarTest-Prefix.pch";
				INFOPLIST_FILE = "ToolBarTestTests/ToolBarTestTests-Info.plist";
				PRODUCT_NAME = "$(TARGET_NAME)";
				TEST_HOST = "$(BUNDLE_LOADER)";
				WRAPPER_EXTENSION = xctest;
			};
			name = Release;
		};
/* End XCBuildConfiguration section */

/* Begin XCConfigurationList section */
		00284A7A18767D7600AA441A /* Build configuration list for PBXProject "ToolBarTest" */ = {
			isa = XCConfigurationList;
			buildConfigurations = (
				00284AAF18767D7600AA441A /* Debug */,
				00284AB018767D7600AA441A /* Release */,
			);
			defaultConfigurationIsVisible = 0;
			defaultConfigurationName = Release;
		};
		00284AB118767D7600AA441A /* Build configuration list for PBXNativeTarget "ToolBarTest" */ = {
			isa = XCConfigurationList;
			buildConfigurations = (
				00284AB218767D7600AA441A /* Debug */,
				00284AB318767D7600AA441A /* Release */,
			);
			defaultConfigurationIsVisible = 0;
		};
		00284AB418767D7600AA441A /* Build configuration list for PBXNativeTarget "ToolBarTestTests" */ = {
			isa = XCConfigurationList;
			buildConfigurations = (
				00284AB518767D7600AA441A /* Debug */,
				00284AB618767D7600AA441A /* Release */,
			);
			defaultConfigurationIsVisible = 0;
		};
/* End XCConfigurationList section */
	};
	rootObject = 00284A7718767D7600AA441A /* Project object */;
}
